
Microsoft Visual Studio Solution File, Format Version 11.00
# Visual Studio 2010
Project("{FAE04EC0-301F-11D3-BF4B-00C04F79EFBC}") = "Assembly-CSharp", "Assembly-CSharp.csproj", "{cbe70f27-d404-d98a-96e7-6ee9ce3595d0}"
EndProject
Global
	GlobalSection(SolutionConfigurationPlatforms) = preSolution
		Debug|Any CPU = Debug|Any CPU
		Release|Any CPU = Release|Any CPU
	EndGlobalSection
	GlobalSection(ProjectConfigurationPlatforms) = postSolution
		{cbe70f27-d404-d98a-96e7-6ee9ce3595d0}.Debug|Any CPU.ActiveCfg = Debug|Any CPU
		{cbe70f27-d404-d98a-96e7-6ee9ce3595d0}.Debug|Any CPU.Build.0 = Debug|Any CPU
		{cbe70f27-d404-d98a-96e7-6ee9ce3595d0}.Release|Any CPU.ActiveCfg = Release|Any CPU
		{cbe70f27-d404-d98a-96e7-6ee9ce3595d0}.Release|Any CPU.Build.0 = Release|Any CPU
	EndGlobalSection
	GlobalSection(SolutionProperties) = preSolution
		HideSolutionNode = FALSE
	EndGlobalSection
EndGlobal
